// !$*UTF8*$!
{
	archiveVersion = 1;
	classes = {
	};
	objectVersion = 56;
	objects = {

/* Begin PBXBuildFile section */
		341FA5852B6F307900E315FB /* StoreDataModel.swift in Sources */ = {isa = PBXBuildFile; fileRef = 341FA5842B6F307900E315FB /* StoreDataModel.swift */; };
		344E2B4E2B748FBE00BEA7F4 /* ShopInfoViewController.swift in Sources */ = {isa = PBXBuildFile; fileRef = 344E2B4D2B748FBE00BEA7F4 /* ShopInfoViewController.swift */; };
		3450F9132B6E863100143473 /* ResultViewController.swift in Sources */ = {isa = PBXBuildFile; fileRef = 3450F9122B6E863100143473 /* ResultViewController.swift */; };
		3450F9152B6E92E100143473 /* GetStoreDataModel.swift in Sources */ = {isa = PBXBuildFile; fileRef = 3450F9142B6E92E100143473 /* GetStoreDataModel.swift */; };
		3450F9192B6E94F000143473 /* .gitignore in Resources */ = {isa = PBXBuildFile; fileRef = 3450F9182B6E94F000143473 /* .gitignore */; };
		34719DE22B6C815800F45425 /* AppDelegate.swift in Sources */ = {isa = PBXBuildFile; fileRef = 34719DE12B6C815800F45425 /* AppDelegate.swift */; };
		34719DE42B6C815800F45425 /* SceneDelegate.swift in Sources */ = {isa = PBXBuildFile; fileRef = 34719DE32B6C815800F45425 /* SceneDelegate.swift */; };
		34719DE62B6C815800F45425 /* MapViewController.swift in Sources */ = {isa = PBXBuildFile; fileRef = 34719DE52B6C815800F45425 /* MapViewController.swift */; };
		34719DE92B6C815800F45425 /* Main.storyboard in Resources */ = {isa = PBXBuildFile; fileRef = 34719DE72B6C815800F45425 /* Main.storyboard */; };
		34719DEB2B6C815900F45425 /* Assets.xcassets in Resources */ = {isa = PBXBuildFile; fileRef = 34719DEA2B6C815900F45425 /* Assets.xcassets */; };
		34719DEE2B6C815900F45425 /* LaunchScreen.storyboard in Resources */ = {isa = PBXBuildFile; fileRef = 34719DEC2B6C815900F45425 /* LaunchScreen.storyboard */; };
		34719DF72B6C953B00F45425 /* MapKit.framework in Frameworks */ = {isa = PBXBuildFile; fileRef = 34719DF62B6C953B00F45425 /* MapKit.framework */; };
		349D792D2B6DF4D200C63469 /* SortRadiusSliderModel.swift in Sources */ = {isa = PBXBuildFile; fileRef = 349D792C2B6DF4D200C63469 /* SortRadiusSliderModel.swift */; };
		34CCF6B62B74988D00930CED /* APIKey.swift in Sources */ = {isa = PBXBuildFile; fileRef = 34CCF6B52B74988D00930CED /* APIKey.swift */; };
		34CCF6BC2B74F03B00930CED /* ResultViewCell.swift in Sources */ = {isa = PBXBuildFile; fileRef = 34CCF6BB2B74F03B00930CED /* ResultViewCell.swift */; };
		34CCF6BE2B74FD2500930CED /* ChangeImageModel.swift in Sources */ = {isa = PBXBuildFile; fileRef = 34CCF6BD2B74FD2500930CED /* ChangeImageModel.swift */; };
/* End PBXBuildFile section */

/* Begin PBXFileReference section */
		341FA5842B6F307900E315FB /* StoreDataModel.swift */ = {isa = PBXFileReference; lastKnownFileType = sourcecode.swift; path = StoreDataModel.swift; sourceTree = "<group>"; };
		344E2B4D2B748FBE00BEA7F4 /* ShopInfoViewController.swift */ = {isa = PBXFileReference; fileEncoding = 4; lastKnownFileType = sourcecode.swift; path = ShopInfoViewController.swift; sourceTree = "<group>"; };
		3450F9122B6E863100143473 /* ResultViewController.swift */ = {isa = PBXFileReference; lastKnownFileType = sourcecode.swift; path = ResultViewController.swift; sourceTree = "<group>"; };
		3450F9142B6E92E100143473 /* GetStoreDataModel.swift */ = {isa = PBXFileReference; lastKnownFileType = sourcecode.swift; path = GetStoreDataModel.swift; sourceTree = "<group>"; };
		3450F9182B6E94F000143473 /* .gitignore */ = {isa = PBXFileReference; lastKnownFileType = text; path = .gitignore; sourceTree = "<group>"; };
		34719DDE2B6C815800F45425 /* GourmetSearch.app */ = {isa = PBXFileReference; explicitFileType = wrapper.application; includeInIndex = 0; path = GourmetSearch.app; sourceTree = BUILT_PRODUCTS_DIR; };
		34719DE12B6C815800F45425 /* AppDelegate.swift */ = {isa = PBXFileReference; lastKnownFileType = sourcecode.swift; path = AppDelegate.swift; sourceTree = "<group>"; };
		34719DE32B6C815800F45425 /* SceneDelegate.swift */ = {isa = PBXFileReference; lastKnownFileType = sourcecode.swift; path = SceneDelegate.swift; sourceTree = "<group>"; };
		34719DE52B6C815800F45425 /* MapViewController.swift */ = {isa = PBXFileReference; lastKnownFileType = sourcecode.swift; path = MapViewController.swift; sourceTree = "<group>"; };
		34719DE82B6C815800F45425 /* Base */ = {isa = PBXFileReference; lastKnownFileType = file.storyboard; name = Base; path = Base.lproj/Main.storyboard; sourceTree = "<group>"; };
		34719DEA2B6C815900F45425 /* Assets.xcassets */ = {isa = PBXFileReference; lastKnownFileType = folder.assetcatalog; path = Assets.xcassets; sourceTree = "<group>"; };
		34719DED2B6C815900F45425 /* Base */ = {isa = PBXFileReference; lastKnownFileType = file.storyboard; name = Base; path = Base.lproj/LaunchScreen.storyboard; sourceTree = "<group>"; };
		34719DEF2B6C815900F45425 /* Info.plist */ = {isa = PBXFileReference; lastKnownFileType = text.plist.xml; path = Info.plist; sourceTree = "<group>"; };
		34719DF62B6C953B00F45425 /* MapKit.framework */ = {isa = PBXFileReference; lastKnownFileType = wrapper.framework; name = MapKit.framework; path = System/Library/Frameworks/MapKit.framework; sourceTree = SDKROOT; };
		349D792C2B6DF4D200C63469 /* SortRadiusSliderModel.swift */ = {isa = PBXFileReference; lastKnownFileType = sourcecode.swift; path = SortRadiusSliderModel.swift; sourceTree = "<group>"; };
		34CCF6B52B74988D00930CED /* APIKey.swift */ = {isa = PBXFileReference; lastKnownFileType = sourcecode.swift; path = APIKey.swift; sourceTree = "<group>"; };
		34CCF6BB2B74F03B00930CED /* ResultViewCell.swift */ = {isa = PBXFileReference; lastKnownFileType = sourcecode.swift; path = ResultViewCell.swift; sourceTree = "<group>"; };
		34CCF6BD2B74FD2500930CED /* ChangeImageModel.swift */ = {isa = PBXFileReference; lastKnownFileType = sourcecode.swift; path = ChangeImageModel.swift; sourceTree = "<group>"; };
/* End PBXFileReference section */

/* Begin PBXFrameworksBuildPhase section */
		34719DDB2B6C815800F45425 /* Frameworks */ = {
			isa = PBXFrameworksBuildPhase;
			buildActionMask = 2147483647;
			files = (
				34719DF72B6C953B00F45425 /* MapKit.framework in Frameworks */,
			);
			runOnlyForDeploymentPostprocessing = 0;
		};
/* End PBXFrameworksBuildPhase section */

/* Begin PBXGroup section */
		34719DD52B6C815800F45425 = {
			isa = PBXGroup;
			children = (
				3450F9182B6E94F000143473 /* .gitignore */,
				34719DE02B6C815800F45425 /* GourmetSearch */,
				34719DDF2B6C815800F45425 /* Products */,
				34719DF52B6C953B00F45425 /* Frameworks */,
			);
			sourceTree = "<group>";
		};
		34719DDF2B6C815800F45425 /* Products */ = {
			isa = PBXGroup;
			children = (
				34719DDE2B6C815800F45425 /* GourmetSearch.app */,
			);
			name = Products;
			sourceTree = "<group>";
		};
		34719DE02B6C815800F45425 /* GourmetSearch */ = {
			isa = PBXGroup;
			children = (
				34719DE12B6C815800F45425 /* AppDelegate.swift */,
				34719DE32B6C815800F45425 /* SceneDelegate.swift */,
				34719DF82B6CC96500F45425 /* Model */,
				34719DFA2B6CC99000F45425 /* View */,
				34719DFB2B6CC99800F45425 /* ViewController */,
				34719DEA2B6C815900F45425 /* Assets.xcassets */,
				34719DEF2B6C815900F45425 /* Info.plist */,
			);
			path = GourmetSearch;
			sourceTree = "<group>";
		};
		34719DF52B6C953B00F45425 /* Frameworks */ = {
			isa = PBXGroup;
			children = (
				34719DF62B6C953B00F45425 /* MapKit.framework */,
			);
			name = Frameworks;
			sourceTree = "<group>";
		};
		34719DF82B6CC96500F45425 /* Model */ = {
			isa = PBXGroup;
			children = (
				349D792C2B6DF4D200C63469 /* SortRadiusSliderModel.swift */,
				34CCF6BD2B74FD2500930CED /* ChangeImageModel.swift */,
				341FA5842B6F307900E315FB /* StoreDataModel.swift */,
				34CCF6B52B74988D00930CED /* APIKey.swift */,
				3450F9142B6E92E100143473 /* GetStoreDataModel.swift */,
			);
			path = Model;
			sourceTree = "<group>";
		};
		34719DFA2B6CC99000F45425 /* View */ = {
			isa = PBXGroup;
			children = (
				34719DE72B6C815800F45425 /* Main.storyboard */,
				34719DEC2B6C815900F45425 /* LaunchScreen.storyboard */,
				34CCF6BB2B74F03B00930CED /* ResultViewCell.swift */,
			);
			path = View;
			sourceTree = "<group>";
		};
		34719DFB2B6CC99800F45425 /* ViewController */ = {
			isa = PBXGroup;
			children = (
				34719DE52B6C815800F45425 /* MapViewController.swift */,
				3450F9122B6E863100143473 /* ResultViewController.swift */,
				344E2B4D2B748FBE00BEA7F4 /* ShopInfoViewController.swift */,
			);
			path = ViewController;
			sourceTree = "<group>";
		};
/* End PBXGroup section */

/* Begin PBXNativeTarget section */
		34719DDD2B6C815800F45425 /* GourmetSearch */ = {
			isa = PBXNativeTarget;
			buildConfigurationList = 34719DF22B6C815900F45425 /* Build configuration list for PBXNativeTarget "GourmetSearch" */;
			buildPhases = (
				34719DDA2B6C815800F45425 /* Sources */,
				34719DDB2B6C815800F45425 /* Frameworks */,
				34719DDC2B6C815800F45425 /* Resources */,
			);
			buildRules = (
			);
			dependencies = (
			);
			name = GourmetSearch;
			productName = GourmetSearch;
			productReference = 34719DDE2B6C815800F45425 /* GourmetSearch.app */;
			productType = "com.apple.product-type.application";
		};
/* End PBXNativeTarget section */

/* Begin PBXProject section */
		34719DD62B6C815800F45425 /* Project object */ = {
			isa = PBXProject;
			attributes = {
				BuildIndependentTargetsInParallel = 1;
				LastSwiftUpdateCheck = 1500;
				LastUpgradeCheck = 1500;
				TargetAttributes = {
					34719DDD2B6C815800F45425 = {
						CreatedOnToolsVersion = 15.0.1;
					};
				};
			};
			buildConfigurationList = 34719DD92B6C815800F45425 /* Build configuration list for PBXProject "GourmetSearch" */;
			compatibilityVersion = "Xcode 14.0";
			developmentRegion = en;
			hasScannedForEncodings = 0;
			knownRegions = (
				en,
				Base,
			);
			mainGroup = 34719DD52B6C815800F45425;
			productRefGroup = 34719DDF2B6C815800F45425 /* Products */;
			projectDirPath = "";
			projectRoot = "";
			targets = (
				34719DDD2B6C815800F45425 /* GourmetSearch */,
			);
		};
/* End PBXProject section */

/* Begin PBXResourcesBuildPhase section */
		34719DDC2B6C815800F45425 /* Resources */ = {
			isa = PBXResourcesBuildPhase;
			buildActionMask = 2147483647;
			files = (
				3450F9192B6E94F000143473 /* .gitignore in Resources */,
				34719DEE2B6C815900F45425 /* LaunchScreen.storyboard in Resources */,
				34719DEB2B6C815900F45425 /* Assets.xcassets in Resources */,
				34719DE92B6C815800F45425 /* Main.storyboard in Resources */,
			);
			runOnlyForDeploymentPostprocessing = 0;
		};
/* End PBXResourcesBuildPhase section */

/* Begin PBXSourcesBuildPhase section */
		34719DDA2B6C815800F45425 /* Sources */ = {
			isa = PBXSourcesBuildPhase;
			buildActionMask = 2147483647;
			files = (
				34719DE62B6C815800F45425 /* MapViewController.swift in Sources */,
				34719DE22B6C815800F45425 /* AppDelegate.swift in Sources */,
				349D792D2B6DF4D200C63469 /* SortRadiusSliderModel.swift in Sources */,
				3450F9152B6E92E100143473 /* GetStoreDataModel.swift in Sources */,
				34CCF6B62B74988D00930CED /* APIKey.swift in Sources */,
				34CCF6BC2B74F03B00930CED /* ResultViewCell.swift in Sources */,
				34719DE42B6C815800F45425 /* SceneDelegate.swift in Sources */,
				34CCF6BE2B74FD2500930CED /* ChangeImageModel.swift in Sources */,
				341FA5852B6F307900E315FB /* StoreDataModel.swift in Sources */,
				344E2B4E2B748FBE00BEA7F4 /* ShopInfoViewController.swift in Sources */,
				3450F9132B6E863100143473 /* ResultViewController.swift in Sources */,
			);
			runOnlyForDeploymentPostprocessing = 0;
		};
/* End PBXSourcesBuildPhase section */

/* Begin PBXVariantGroup section */
		34719DE72B6C815800F45425 /* Main.storyboard */ = {
			isa = PBXVariantGroup;
			children = (
				34719DE82B6C815800F45425 /* Base */,
			);
			name = Main.storyboard;
			sourceTree = "<group>";
		};
		34719DEC2B6C815900F45425 /* LaunchScreen.storyboard */ = {
			isa = PBXVariantGroup;
			children = (
				34719DED2B6C815900F45425 /* Base */,
			);
			name = LaunchScreen.storyboard;
			sourceTree = "<group>";
		};
/* End PBXVariantGroup section */

/* Begin XCBuildConfiguration section */
		34719DF02B6C815900F45425 /* Debug */ = {
			isa = XCBuildConfiguration;
			buildSettings = {
				ALWAYS_SEARCH_USER_PATHS = NO;
				ASSETCATALOG_COMPILER_GENERATE_SWIFT_ASSET_SYMBOL_EXTENSIONS = YES;
				CLANG_ANALYZER_NONNULL = YES;
				CLANG_ANALYZER_NUMBER_OBJECT_CONVERSION = YES_AGGRESSIVE;
				CLANG_CXX_LANGUAGE_STANDARD = "gnu++20";
				CLANG_ENABLE_MODULES = YES;
				CLANG_ENABLE_OBJC_ARC = YES;
				CLANG_ENABLE_OBJC_WEAK = YES;
				CLANG_WARN_BLOCK_CAPTURE_AUTORELEASING = YES;
				CLANG_WARN_BOOL_CONVERSION = YES;
				CLANG_WARN_COMMA = YES;
				CLANG_WARN_CONSTANT_CONVERSION = YES;
				CLANG_WARN_DEPRECATED_OBJC_IMPLEMENTATIONS = YES;
				CLANG_WARN_DIRECT_OBJC_ISA_USAGE = YES_ERROR;
				CLANG_WARN_DOCUMENTATION_COMMENTS = YES;
				CLANG_WARN_EMPTY_BODY = YES;
				CLANG_WARN_ENUM_CONVERSION = YES;
				CLANG_WARN_INFINITE_RECURSION = YES;
				CLANG_WARN_INT_CONVERSION = YES;
				CLANG_WARN_NON_LITERAL_NULL_CONVERSION = YES;
				CLANG_WARN_OBJC_IMPLICIT_RETAIN_SELF = YES;
				CLANG_WARN_OBJC_LITERAL_CONVERSION = YES;
				CLANG_WARN_OBJC_ROOT_CLASS = YES_ERROR;
				CLANG_WARN_QUOTED_INCLUDE_IN_FRAMEWORK_HEADER = YES;
				CLANG_WARN_RANGE_LOOP_ANALYSIS = YES;
				CLANG_WARN_STRICT_PROTOTYPES = YES;
				CLANG_WARN_SUSPICIOUS_MOVE = YES;
				CLANG_WARN_UNGUARDED_AVAILABILITY = YES_AGGRESSIVE;
				CLANG_WARN_UNREACHABLE_CODE = YES;
				CLANG_WARN__DUPLICATE_METHOD_MATCH = YES;
				COPY_PHASE_STRIP = NO;
				DEBUG_INFORMATION_FORMAT = dwarf;
				ENABLE_STRICT_OBJC_MSGSEND = YES;
				ENABLE_TESTABILITY = YES;
				ENABLE_USER_SCRIPT_SANDBOXING = YES;
				GCC_C_LANGUAGE_STANDARD = gnu17;
				GCC_DYNAMIC_NO_PIC = NO;
				GCC_NO_COMMON_BLOCKS = YES;
				GCC_OPTIMIZATION_LEVEL = 0;
				GCC_PREPROCESSOR_DEFINITIONS = (
					"DEBUG=1",
					"$(inherited)",
				);
				GCC_WARN_64_TO_32_BIT_CONVERSION = YES;
				GCC_WARN_ABOUT_RETURN_TYPE = YES_ERROR;
				GCC_WARN_UNDECLARED_SELECTOR = YES;
				GCC_WARN_UNINITIALIZED_AUTOS = YES_AGGRESSIVE;
				GCC_WARN_UNUSED_FUNCTION = YES;
				GCC_WARN_UNUSED_VARIABLE = YES;
				IPHONEOS_DEPLOYMENT_TARGET = 17.0;
				LOCALIZATION_PREFERS_STRING_CATALOGS = YES;
				MTL_ENABLE_DEBUG_INFO = INCLUDE_SOURCE;
				MTL_FAST_MATH = YES;
				ONLY_ACTIVE_ARCH = YES;
				SDKROOT = iphoneos;
				SWIFT_ACTIVE_COMPILATION_CONDITIONS = "DEBUG $(inherited)";
				SWIFT_OPTIMIZATION_LEVEL = "-Onone";
			};
			name = Debug;
		};
		34719DF12B6C815900F45425 /* Release */ = {
			isa = XCBuildConfiguration;
			buildSettings = {
				ALWAYS_SEARCH_USER_PATHS = NO;
				ASSETCATALOG_COMPILER_GENERATE_SWIFT_ASSET_SYMBOL_EXTENSIONS = YES;
				CLANG_ANALYZER_NONNULL = YES;
				CLANG_ANALYZER_NUMBER_OBJECT_CONVERSION = YES_AGGRESSIVE;
				CLANG_CXX_LANGUAGE_STANDARD = "gnu++20";
				CLANG_ENABLE_MODULES = YES;
				CLANG_ENABLE_OBJC_ARC = YES;
				CLANG_ENABLE_OBJC_WEAK = YES;
				CLANG_WARN_BLOCK_CAPTURE_AUTORELEASING = YES;
				CLANG_WARN_BOOL_CONVERSION = YES;
				CLANG_WARN_COMMA = YES;
				CLANG_WARN_CONSTANT_CONVERSION = YES;
				CLANG_WARN_DEPRECATED_OBJC_IMPLEMENTATIONS = YES;
				CLANG_WARN_DIRECT_OBJC_ISA_USAGE = YES_ERROR;
				CLANG_WARN_DOCUMENTATION_COMMENTS = YES;
				CLANG_WARN_EMPTY_BODY = YES;
				CLANG_WARN_ENUM_CONVERSION = YES;
				CLANG_WARN_INFINITE_RECURSION = YES;
				CLANG_WARN_INT_CONVERSION = YES;
				CLANG_WARN_NON_LITERAL_NULL_CONVERSION = YES;
				CLANG_WARN_OBJC_IMPLICIT_RETAIN_SELF = YES;
				CLANG_WARN_OBJC_LITERAL_CONVERSION = YES;
				CLANG_WARN_OBJC_ROOT_CLASS = YES_ERROR;
				CLANG_WARN_QUOTED_INCLUDE_IN_FRAMEWORK_HEADER = YES;
				CLANG_WARN_RANGE_LOOP_ANALYSIS = YES;
				CLANG_WARN_STRICT_PROTOTYPES = YES;
				CLANG_WARN_SUSPICIOUS_MOVE = YES;
				CLANG_WARN_UNGUARDED_AVAILABILITY = YES_AGGRESSIVE;
				CLANG_WARN_UNREACHABLE_CODE = YES;
				CLANG_WARN__DUPLICATE_METHOD_MATCH = YES;
				COPY_PHASE_STRIP = NO;
				DEBUG_INFORMATION_FORMAT = "dwarf-with-dsym";
				ENABLE_NS_ASSERTIONS = NO;
				ENABLE_STRICT_OBJC_MSGSEND = YES;
				ENABLE_USER_SCRIPT_SANDBOXING = YES;
				GCC_C_LANGUAGE_STANDARD = gnu17;
				GCC_NO_COMMON_BLOCKS = YES;
				GCC_WARN_64_TO_32_BIT_CONVERSION = YES;
				GCC_WARN_ABOUT_RETURN_TYPE = YES_ERROR;
				GCC_WARN_UNDECLARED_SELECTOR = YES;
				GCC_WARN_UNINITIALIZED_AUTOS = YES_AGGRESSIVE;
				GCC_WARN_UNUSED_FUNCTION = YES;
				GCC_WARN_UNUSED_VARIABLE = YES;
				IPHONEOS_DEPLOYMENT_TARGET = 17.0;
				LOCALIZATION_PREFERS_STRING_CATALOGS = YES;
				MTL_ENABLE_DEBUG_INFO = NO;
				MTL_FAST_MATH = YES;
				SDKROOT = iphoneos;
				SWIFT_COMPILATION_MODE = wholemodule;
				VALIDATE_PRODUCT = YES;
			};
			name = Release;
		};
		34719DF32B6C815900F45425 /* Debug */ = {
			isa = XCBuildConfiguration;
			buildSettings = {
				ASSETCATALOG_COMPILER_APPICON_NAME = AppIcon;
				ASSETCATALOG_COMPILER_GLOBAL_ACCENT_COLOR_NAME = AccentColor;
				CODE_SIGN_STYLE = Automatic;
				CURRENT_PROJECT_VERSION = 1;
				DEVELOPMENT_TEAM = ULL38XHK5M;
				GENERATE_INFOPLIST_FILE = YES;
				INFOPLIST_FILE = GourmetSearch/Info.plist;
				INFOPLIST_KEY_UIApplicationSupportsIndirectInputEvents = YES;
				INFOPLIST_KEY_UILaunchStoryboardName = LaunchScreen;
				INFOPLIST_KEY_UIMainStoryboardFile = Main;
				INFOPLIST_KEY_UISupportedInterfaceOrientations_iPad = "UIInterfaceOrientationPortrait UIInterfaceOrientationPortraitUpsideDown UIInterfaceOrientationLandscapeLeft UIInterfaceOrientationLandscapeRight";
				INFOPLIST_KEY_UISupportedInterfaceOrientations_iPhone = "UIInterfaceOrientationPortrait UIInterfaceOrientationLandscapeLeft UIInterfaceOrientationLandscapeRight";
				LD_RUNPATH_SEARCH_PATHS = (
					"$(inherited)",
					"@executable_path/Frameworks",
				);
				MARKETING_VERSION = 1.0;
				PRODUCT_BUNDLE_IDENTIFIER = com.ryohei.GourmetSearch;
				PRODUCT_NAME = "$(TARGET_NAME)";
				SWIFT_EMIT_LOC_STRINGS = YES;
				SWIFT_VERSION = 5.0;
				TARGETED_DEVICE_FAMILY = "1,2";
			};
			name = Debug;
		};
		34719DF42B6C815900F45425 /* Release */ = {
			isa = XCBuildConfiguration;
			buildSettings = {
				ASSETCATALOG_COMPILER_APPICON_NAME = AppIcon;
				ASSETCATALOG_COMPILER_GLOBAL_ACCENT_COLOR_NAME = AccentColor;
				CODE_SIGN_STYLE = Automatic;
				CURRENT_PROJECT_VERSION = 1;
				DEVELOPMENT_TEAM = ULL38XHK5M;
				GENERATE_INFOPLIST_FILE = YES;
				INFOPLIST_FILE = GourmetSearch/Info.plist;
				INFOPLIST_KEY_UIApplicationSupportsIndirectInputEvents = YES;
				INFOPLIST_KEY_UILaunchStoryboardName = LaunchScreen;
				INFOPLIST_KEY_UIMainStoryboardFile = Main;
				INFOPLIST_KEY_UISupportedInterfaceOrientations_iPad = "UIInterfaceOrientationPortrait UIInterfaceOrientationPortraitUpsideDown UIInterfaceOrientationLandscapeLeft UIInterfaceOrientationLandscapeRight";
				INFOPLIST_KEY_UISupportedInterfaceOrientations_iPhone = "UIInterfaceOrientationPortrait UIInterfaceOrientationLandscapeLeft UIInterfaceOrientationLandscapeRight";
				LD_RUNPATH_SEARCH_PATHS = (
					"$(inherited)",
					"@executable_path/Frameworks",
				);
				MARKETING_VERSION = 1.0;
				PRODUCT_BUNDLE_IDENTIFIER = com.ryohei.GourmetSearch;
				PRODUCT_NAME = "$(TARGET_NAME)";
				SWIFT_EMIT_LOC_STRINGS = YES;
				SWIFT_VERSION = 5.0;
				TARGETED_DEVICE_FAMILY = "1,2";
			};
			name = Release;
		};
/* End XCBuildConfiguration section */

/* Begin XCConfigurationList section */
		34719DD92B6C815800F45425 /* Build configuration list for PBXProject "GourmetSearch" */ = {
			isa = XCConfigurationList;
			buildConfigurations = (
				34719DF02B6C815900F45425 /* Debug */,
				34719DF12B6C815900F45425 /* Release */,
			);
			defaultConfigurationIsVisible = 0;
			defaultConfigurationName = Release;
		};
		34719DF22B6C815900F45425 /* Build configuration list for PBXNativeTarget "GourmetSearch" */ = {
			isa = XCConfigurationList;
			buildConfigurations = (
				34719DF32B6C815900F45425 /* Debug */,
				34719DF42B6C815900F45425 /* Release */,
			);
			defaultConfigurationIsVisible = 0;
			defaultConfigurationName = Release;
		};
/* End XCConfigurationList section */
	};
	rootObject = 34719DD62B6C815800F45425 /* Project object */;
}
